
Microsoft Visual Studio Solution File, Format Version 12.00
# Visual Studio Version 17
VisualStudioVersion = 17.0.32112.339
MinimumVisualStudioVersion = 10.0.40219.1
Project("{FAE04EC0-301F-11D3-BF4B-00C04F79EFBC}") = "CsharpAreaOfCircle", "CsharpAreaOfCircle\CsharpAreaOfCircle.csproj", "{765A7E52-8E05-49CD-AD90-207B4AE747CC}"
EndProject
Global
	GlobalSection(SolutionConfigurationPlatforms) = preSolution
		Debug|Any CPU = Debug|Any CPU
		Release|Any CPU = Release|Any CPU
	EndGlobalSection
	GlobalSection(ProjectConfigurationPlatforms) = postSolution
		{765A7E52-8E05-49CD-AD90-207B4AE747CC}.Debug|Any CPU.ActiveCfg = Debug|Any CPU
		{765A7E52-8E05-49CD-AD90-207B4AE747CC}.Debug|Any CPU.Build.0 = Debug|Any CPU
		{765A7E52-8E05-49CD-AD90-207B4AE747CC}.Release|Any CPU.ActiveCfg = Release|Any CPU
		{765A7E52-8E05-49CD-AD90-207B4AE747CC}.Release|Any CPU.Build.0 = Release|Any CPU
	EndGlobalSection
	GlobalSection(SolutionProperties) = preSolution
		HideSolutionNode = FALSE
	EndGlobalSection
	GlobalSection(ExtensibilityGlobals) = postSolution
		SolutionGuid = {4E709104-2586-4842-BAF8-E246C3C8B063}
	EndGlobalSection
EndGlobal
